#MicroXplorer Configuration settings - do not modify
Mcu.Family=STM32F1
ProjectManager.MainLocation=Core/Src
RCC.MCOFreq_Value=72000000
Dma.TIM2_CH1.2.MemInc=DMA_MINC_ENABLE
PC7.GPIOParameters=GPIO_Speed,GPIO_Label
Dma.TIM2_CH1.2.PeriphDataAlignment=DMA_PDATAALIGN_WORD
TIM2.Channel-Output\ Compare1\ No\ Output=TIM_CHANNEL_1
NVIC.DMA1_Channel5_IRQn=true\:5\:0\:false\:false\:true\:true\:false\:true
ProjectManager.KeepUserCode=true
Mcu.UserName=STM32F105RBTx
ADC1.ContinuousConvMode=ENABLE
TIM1.IPParameters=OCPolarity_1,Prescaler,Period,Channel-PWM Generation1 CH1
CAN2.CalculateTimeBit=1999.99
PC10.Locked=true
RCC.PLLCLKFreq_Value=72000000
PC10.Signal=UART4_TX
PB14.GPIO_Label=PS_INIT
PC13-TAMPER-RTC.GPIOParameters=GPIO_Label
PC7.Locked=true
ProjectManager.functionlistsort=1-MX_GPIO_Init-GPIO-false-HAL-true,2-MX_DMA_Init-DMA-false-HAL-true,3-SystemClock_Config-RCC-false-HAL-false,4-MX_CAN2_Init-CAN2-false-HAL-true,5-MX_ADC1_Init-ADC1-false-HAL-true,6-MX_CAN1_Init-CAN1-false-HAL-true,7-MX_I2C1_SMBUS_Init-I2C1-false-HAL-true,8-MX_UART4_Init-UART4-false-HAL-true,9-MX_USART1_UART_Init-USART1-false-HAL-true,10-MX_TIM3_Init-TIM3-false-HAL-true,11-MX_TIM1_Init-TIM1-false-HAL-true,12-MX_TIM5_Init-TIM5-false-HAL-true,13-MX_TIM2_Init-TIM2-false-HAL-true
PC6.GPIO_Label=WP
PA11.Mode=CAN_Activate
PC9.Locked=true
RCC.ADCFreqValue=12000000
PA6.GPIO_Label=YAW
SH.S_TIM1_CH1.ConfNb=1
USART1.IPParameters=VirtualMode
PC1.Locked=true
Dma.ADC1.3.PeriphDataAlignment=DMA_PDATAALIGN_WORD
PB13.Signal=CAN2_TX
PB15.Signal=GPIO_Output
PinOutPanel.RotationAngle=0
Dma.TIM5_CH2.1.RequestParameters=Instance,Direction,PeriphInc,MemInc,PeriphDataAlignment,MemDataAlignment,Mode,Priority
RCC.SYSCLKSource=RCC_SYSCLKSOURCE_PLLCLK
ProjectManager.StackSize=0x400
PB5.GPIOParameters=GPIO_Label
PD1-OSC_OUT.Locked=true
VP_FREERTOS_VS_CMSIS_V2.Mode=CMSIS_V2
PD1-OSC_OUT.Signal=RCC_OSC_OUT
Dma.TIM2_CH1.2.Mode=DMA_CIRCULAR
Dma.ADC1.3.MemInc=DMA_MINC_ENABLE
Mcu.IP4=FREERTOS
Mcu.IP5=I2C1
RCC.FCLKCortexFreq_Value=72000000
Mcu.IP2=CAN2
NVIC.SVCall_IRQn=true\:0\:0\:false\:false\:false\:false\:false\:false
Mcu.IP3=DMA
PB4.GPIOParameters=GPIO_Label
Mcu.IP0=ADC1
Dma.TIM2_CH1.2.PeriphInc=DMA_PINC_DISABLE
PA12.Locked=true
Mcu.IP1=CAN1
PA12.Signal=CAN1_TX
TIM1.Prescaler=1050
Mcu.UserConstants=
Dma.TIM2_CH1.2.MemDataAlignment=DMA_MDATAALIGN_WORD
PC1.GPIOParameters=GPIO_Label
VP_TIM5_VS_no_output2.Signal=TIM5_VS_no_output2
Mcu.ThirdPartyNb=0
Dma.TIM5_CH2.1.Direction=DMA_MEMORY_TO_PERIPH
RCC.HCLKFreq_Value=72000000
Mcu.IPNb=15
TIM2.IPParameters=Channel-Output Compare1 No Output,Prescaler,Period
ProjectManager.PreviousToolchain=
RCC.APB2TimFreq_Value=72000000
TIM3.Period=600
ADC1.Channel-2\#ChannelRegularConversion=ADC_CHANNEL_6
Dma.ADC1.3.PeriphInc=DMA_PINC_DISABLE
PC7.Signal=GPIO_Output
PA8.GPIOParameters=GPIO_Label
Mcu.Pin6=PB12
Mcu.Pin7=PB13
Mcu.Pin8=PB14
Mcu.Pin9=PB15
FREERTOS.IPParameters=Tasks01,FootprintOK
RCC.AHBFreq_Value=72000000
PB13.Locked=true
Mcu.Pin0=PC13-TAMPER-RTC
Mcu.Pin1=PD0-OSC_IN
GPIO.groupedBy=Group By Peripherals
Mcu.Pin2=PD1-OSC_OUT
Mcu.Pin3=PC1
Mcu.Pin4=PA5
Mcu.Pin5=PA6
ADC1.Channel-0\#ChannelRegularConversion=ADC_CHANNEL_11
Dma.TIM5_CH2.1.MemDataAlignment=DMA_MDATAALIGN_WORD
ProjectManager.ProjectBuild=false
NVIC.DMA2_Channel5_IRQn=true\:5\:0\:false\:false\:true\:true\:false\:true
NVIC.UsageFault_IRQn=true\:0\:0\:false\:false\:true\:false\:false\:false
VP_TIM2_VS_no_output1.Mode=Output Compare1 No Output
NVIC.DebugMonitor_IRQn=true\:0\:0\:false\:false\:true\:false\:false\:false
PA8.Locked=true
Mcu.IP10=TIM2
NVIC.SysTick_IRQn=true\:15\:0\:false\:false\:false\:true\:false\:true
Mcu.IP12=TIM5
RCC.PLLMUL=RCC_PLL_MUL9
Mcu.IP11=TIM3
Dma.ADC1.3.Instance=DMA1_Channel1
Dma.TIM5_CH2.1.PeriphDataAlignment=DMA_PDATAALIGN_WORD
ProjectManager.FirmwarePackage=STM32Cube FW_F1 V1.8.3
MxDb.Version=DB.6.0.10
ADC1.Rank-2\#ChannelRegularConversion=3
Mcu.IP14=USART1
Dma.TIM5_CH1.0.PeriphDataAlignment=DMA_PDATAALIGN_WORD
Dma.TIM5_CH2.1.PeriphInc=DMA_PINC_DISABLE
Mcu.IP13=UART4
ProjectManager.BackupPrevious=false
TIM1.Channel-PWM\ Generation1\ CH1=TIM_CHANNEL_1
PA14.Mode=Serial_Wire
Dma.ADC1.3.Mode=DMA_CIRCULAR
CAN2.Prescaler=12
NVIC.DMA2_Channel4_IRQn=true\:5\:0\:false\:false\:true\:true\:false\:true
TIM3.Prescaler=5000
File.Version=6
SH.ADCx_IN11.ConfNb=1
PA8.Signal=S_TIM1_CH1
PB8.Locked=true
TIM5.Channel-Output\ Compare2\ No\ Output=TIM_CHANNEL_2
NVIC.PendSV_IRQn=true\:15\:0\:false\:false\:false\:true\:false\:false
SH.ADCx_IN6.ConfNb=1
Dma.RequestsNb=4
ProjectManager.HalAssertFull=false
ADC1.SamplingTime-0\#ChannelRegularConversion=ADC_SAMPLETIME_239CYCLES_5
ProjectManager.ProjectName=STM_VCU
PC8.GPIOParameters=GPIO_Label
CAN1.Prescaler=12
Mcu.Package=LQFP64
PB9.Signal=I2C1_SDA
TIM2.Prescaler=10
PB14.GPIO_PuPd=GPIO_NOPULL
PA6.Signal=ADCx_IN6
PB12.Mode=CAN_Activate
PA5.Locked=true
NVIC.TimeBase=TIM7_IRQn
CAN2.BS1=CAN_BS1_2TQ
RCC.I2S2Freq_Value=72000000
CAN2.BS2=CAN_BS2_3TQ
ProjectManager.ToolChainLocation=
NVIC.TimeBaseIP=TIM7
PA10.Signal=USART1_RX
FREERTOS.FootprintOK=true
PA5.GPIOParameters=GPIO_Label
PC11.Mode=Asynchronous
Dma.TIM5_CH1.0.MemDataAlignment=DMA_MDATAALIGN_WORD
PB14.GPIOParameters=GPIO_PuPd,GPIO_Label
PB5.GPIO_Label=HEAT_REQ
Dma.Request2=TIM2_CH1
Dma.Request1=TIM5_CH2
RCC.APB1TimFreq_Value=72000000
Dma.Request3=ADC1
NVIC.BusFault_IRQn=true\:0\:0\:false\:false\:true\:false\:false\:false
TIM1.Period=65535
PB13.Mode=CAN_Activate
Dma.TIM5_CH1.0.Mode=DMA_CIRCULAR
Dma.Request0=TIM5_CH1
CAN1.CalculateTimeBit=1999.99
Dma.TIM5_CH1.0.Direction=DMA_MEMORY_TO_PERIPH
NVIC.TIM7_IRQn=true\:0\:0\:false\:false\:true\:false\:false\:true
ProjectManager.CustomerFirmwarePackage=
VP_TIM3_VS_ClockSourceINT.Mode=Internal
PB15.Locked=true
PB4.Signal=GPIO_Input
CAN1.CalculateTimeQuantum=333.33333333333337
PA6.GPIOParameters=GPIO_Label
RCC.PLLSourceVirtual=RCC_PLLSOURCE_HSE
CAN2.CalculateBaudRate=500000
TIM1.OCPolarity_1=TIM_OCPOLARITY_HIGH
ProjectManager.ProjectFileName=STM_VCU.ioc
FREERTOS.Tasks01=TaskLoop,24,128,StartTaskLoop,Default,NULL,Dynamic,NULL,NULL;Task10ms,55,128,StartTask10ms,Default,NULL,Dynamic,NULL,NULL;Task100ms,48,128,StartTask100ms,Default,NULL,Dynamic,NULL,NULL;Task250ms,40,128,StartTask250ms,Default,NULL,Dynamic,NULL,NULL
ADC1.Rank-0\#ChannelRegularConversion=1
TIM5.IPParameters=Channel-Output Compare1 No Output,Channel-Output Compare2 No Output,Prescaler,Period
PD1-OSC_OUT.Mode=HSE-External-Oscillator
Dma.TIM5_CH2.1.MemInc=DMA_MINC_ENABLE
UART4.IPParameters=VirtualMode
PA10.Mode=Asynchronous
Mcu.PinsNb=33
PC9.GPIO_Label=SOC
ProjectManager.NoMain=false
PC11.Locked=true
SH.ADCx_IN6.0=ADC1_IN6,IN6
ADC1.IPParameters=Rank-0\#ChannelRegularConversion,Channel-0\#ChannelRegularConversion,SamplingTime-0\#ChannelRegularConversion,NbrOfConversionFlag,master,DataAlign,ContinuousConvMode,Rank-1\#ChannelRegularConversion,Channel-1\#ChannelRegularConversion,SamplingTime-1\#ChannelRegularConversion,Rank-2\#ChannelRegularConversion,Channel-2\#ChannelRegularConversion,SamplingTime-2\#ChannelRegularConversion,NbrOfConversion
NVIC.SavedSvcallIrqHandlerGenerated=true
PC11.Signal=UART4_RX
VP_SYS_VS_tim7.Mode=TIM7
CAN1.IPParameters=CalculateTimeQuantum,CalculateTimeBit,CalculateBaudRate,Prescaler,BS1,BS2
CAN1.CalculateBaudRate=500000
CAN2.IPParameters=CalculateTimeQuantum,CalculateTimeBit,CalculateBaudRate,Prescaler,BS1,BS2
Dma.TIM5_CH1.0.RequestParameters=Instance,Direction,PeriphInc,MemInc,PeriphDataAlignment,MemDataAlignment,Mode,Priority
Dma.ADC1.3.Priority=DMA_PRIORITY_LOW
PC8.Signal=S_TIM3_CH3
PC6.Signal=GPIO_Output
PC10.Mode=Asynchronous
PC13-TAMPER-RTC.Signal=GPIO_Output
ProjectManager.DefaultFWLocation=true
PD0-OSC_IN.Signal=RCC_OSC_IN
PB12.Locked=true
ProjectManager.DeletePrevious=true
PB14.Locked=true
RCC.APB1CLKDivider=RCC_HCLK_DIV2
UART4.VirtualMode=Asynchronous
SH.S_TIM3_CH3.0=TIM3_CH3,PWM Generation3 CH3
NVIC.CAN2_RX1_IRQn=true\:5\:0\:false\:false\:true\:true\:true\:true
ADC1.SamplingTime-2\#ChannelRegularConversion=ADC_SAMPLETIME_41CYCLES_5
RCC.FamilyName=M
RCC.I2S3Freq_Value=72000000
TIM5.Channel-Output\ Compare1\ No\ Output=TIM_CHANNEL_1
Dma.TIM5_CH1.0.MemInc=DMA_MINC_ENABLE
RCC.ADCPresc=RCC_ADCPCLK2_DIV6
PC8.GPIO_Label=SPEEDO
PA13.Signal=SYS_JTMS-SWDIO
TIM3.Channel-PWM\ Generation3\ CH3=TIM_CHANNEL_3
PA11.Locked=true
PA9.Mode=Asynchronous
PA8.GPIO_Label=TACH
SH.S_TIM1_CH1.0=TIM1_CH1,PWM Generation1 CH1
CAN1.BS2=CAN_BS2_3TQ
CAN1.BS1=CAN_BS1_2TQ
ProjectManager.TargetToolchain=Makefile
SH.S_TIM3_CH3.ConfNb=1
PC6.Locked=true
PB9.Mode=SMBus-two-wire-Interface
PA9.Signal=USART1_TX
ADC1.Channel-1\#ChannelRegularConversion=ADC_CHANNEL_5
Dma.TIM5_CH2.1.Priority=DMA_PRIORITY_VERY_HIGH
PB5.Locked=true
PB9.Locked=true
ProjectManager.RegisterCallBack=
PC13-TAMPER-RTC.Locked=true
RCC.USBFreq_Value=48000000
VP_TIM3_VS_ClockSourceINT.Signal=TIM3_VS_ClockSourceINT
VP_TIM2_VS_no_output1.Signal=TIM2_VS_no_output1
PD0-OSC_IN.Mode=HSE-External-Oscillator
PB14.Signal=GPIO_Output
PA5.Signal=ADCx_IN5
Dma.ADC1.3.MemDataAlignment=DMA_MDATAALIGN_WORD
Dma.ADC1.3.Direction=DMA_PERIPH_TO_MEMORY
VP_TIM5_VS_no_output1.Mode=Output Compare1 No Output
Dma.TIM5_CH1.0.Instance=DMA2_Channel5
Dma.TIM2_CH1.2.Priority=DMA_PRIORITY_LOW
board=custom
PC7.GPIO_Speed=GPIO_SPEED_FREQ_HIGH
ProjectManager.LastFirmware=false
PC13-TAMPER-RTC.GPIO_Label=LED
VP_SYS_VS_tim7.Signal=SYS_VS_tim7
RCC.VCOOutput2Freq_Value=8000000
NVIC.SavedSystickIrqHandlerGenerated=true
RCC.APB2Freq_Value=72000000
SH.ADCx_IN11.0=ADC1_IN11,IN11
MxCube.Version=6.1.1
PB4.GPIO_Label=SW12
PB15.GPIO_Label=HEAT_OUT
Mcu.Pin30=VP_TIM3_VS_ClockSourceINT
PC1.GPIO_Label=LV_READ
CAN2.CalculateTimeQuantum=333.33333333333337
TIM3.IPParameters=Prescaler,Period,Channel-PWM Generation3 CH3
Mcu.Pin31=VP_TIM5_VS_no_output1
Mcu.Pin32=VP_TIM5_VS_no_output2
PA9.Locked=true
NVIC.NonMaskableInt_IRQn=true\:0\:0\:false\:false\:true\:false\:false\:false
VP_TIM5_VS_no_output2.Mode=Output Compare2 No Output
TIM2.Period=600
PB15.GPIOParameters=GPIO_Label
ADC1.NbrOfConversion=3
PA13.Mode=Serial_Wire
ProjectManager.FreePins=false
RCC.IPParameters=ADCFreqValue,ADCPresc,AHBFreq_Value,APB1CLKDivider,APB1Freq_Value,APB1TimFreq_Value,APB2Freq_Value,APB2TimFreq_Value,FCLKCortexFreq_Value,FamilyName,HCLKFreq_Value,I2S2Freq_Value,I2S3Freq_Value,MCOFreq_Value,PLLCLKFreq_Value,PLLMUL,PLLSourceVirtual,SYSCLKFreq_VALUE,SYSCLKSource,TimSysFreq_Value,USBFreq_Value,VCOOutput2Freq_Value
PC9.GPIOParameters=GPIO_Speed,GPIO_Label
ProjectManager.AskForMigrate=true
Mcu.Name=STM32F105R(8-B-C)Tx
Mcu.Pin26=PB9
Mcu.Pin27=VP_FREERTOS_VS_CMSIS_V2
NVIC.SavedPendsvIrqHandlerGenerated=true
Mcu.Pin24=PB5
ProjectManager.UnderRoot=false
Mcu.Pin25=PB8
Mcu.IP8=SYS
VP_FREERTOS_VS_CMSIS_V2.Signal=FREERTOS_VS_CMSIS_V2
Mcu.IP9=TIM1
PC7.GPIO_Label=TEMP
Mcu.Pin28=VP_SYS_VS_tim7
Mcu.IP6=NVIC
Mcu.Pin29=VP_TIM2_VS_no_output1
Mcu.IP7=RCC
ProjectManager.CoupleFile=false
PB4.Locked=true
ADC1.SamplingTime-1\#ChannelRegularConversion=ADC_SAMPLETIME_41CYCLES_5
RCC.SYSCLKFreq_VALUE=72000000
PB5.Signal=GPIO_Input
Mcu.Pin22=PC11
Mcu.Pin23=PB4
RCC.TimSysFreq_Value=72000000
Mcu.Pin20=PA14
ADC1.master=1
Dma.TIM2_CH1.2.Direction=DMA_MEMORY_TO_PERIPH
Mcu.Pin21=PC10
PA12.Mode=CAN_Activate
PA10.Locked=true
PA5.GPIO_Label=THROTTLE
NVIC.ForceEnableDMAVector=true
KeepUserPlacement=false
TIM5.Prescaler=100
Dma.TIM5_CH2.1.Instance=DMA2_Channel4
NVIC.MemoryManagement_IRQn=true\:0\:0\:false\:false\:true\:false\:false\:false
USART1.VirtualMode=VM_ASYNC
ProjectManager.CompilerOptimize=6
ADC1.Rank-1\#ChannelRegularConversion=2
Dma.ADC1.3.RequestParameters=Instance,Direction,PeriphInc,MemInc,PeriphDataAlignment,MemDataAlignment,Mode,Priority
PA11.Signal=CAN1_RX
PA14.Signal=SYS_JTCK-SWCLK
ProjectManager.HeapSize=0x200
Mcu.Pin15=PA9
NVIC.HardFault_IRQn=true\:0\:0\:false\:false\:true\:false\:false\:false
Mcu.Pin16=PA10
Mcu.Pin13=PC9
Mcu.Pin14=PA8
PC6.GPIOParameters=GPIO_Label
Mcu.Pin19=PA13
ProjectManager.ComputerToolchain=false
Mcu.Pin17=PA11
Mcu.Pin18=PA12
SH.ADCx_IN5.0=ADC1_IN5,IN5
PC9.GPIO_Speed=GPIO_SPEED_FREQ_HIGH
NVIC.PriorityGroup=NVIC_PRIORITYGROUP_4
ADC1.NbrOfConversionFlag=1
Mcu.Pin11=PC7
VP_TIM5_VS_no_output1.Signal=TIM5_VS_no_output1
Mcu.Pin12=PC8
PB8.Mode=SMBus-two-wire-Interface
Mcu.Pin10=PC6
Dma.TIM5_CH1.0.Priority=DMA_PRIORITY_VERY_HIGH
PB8.Signal=I2C1_SCL
PC8.Locked=true
TIM5.Period=10
SH.ADCx_IN5.ConfNb=1
PC9.Signal=GPIO_Output
NVIC.DMA1_Channel1_IRQn=true\:5\:0\:false\:false\:true\:true\:false\:true
ADC1.DataAlign=ADC_DATAALIGN_RIGHT
RCC.APB1Freq_Value=36000000
PD0-OSC_IN.Locked=true
Dma.TIM5_CH2.1.Mode=DMA_CIRCULAR
ProjectManager.DeviceId=STM32F105RBTx
PC1.Signal=ADCx_IN11
PB12.Signal=CAN2_RX
ProjectManager.LibraryCopy=0
Dma.TIM5_CH1.0.PeriphInc=DMA_PINC_DISABLE
NVIC.CAN1_RX0_IRQn=true\:5\:0\:false\:false\:true\:true\:true\:true
Dma.TIM2_CH1.2.RequestParameters=Instance,Direction,PeriphInc,MemInc,PeriphDataAlignment,MemDataAlignment,Mode,Priority
PA6.Locked=true
Dma.TIM2_CH1.2.Instance=DMA1_Channel5
